
Microsoft Visual Studio Solution File, Format Version 12.00
# Visual Studio Version 16
VisualStudioVersion = 16.0.31424.327
MinimumVisualStudioVersion = 10.0.40219.1
Project("{9A19103F-16F7-4668-BE54-9A1E7A4F7556}") = "myBbsWebApi", "myBbsWebApi\myBbsWebApi.csproj", "{574F4230-FFB4-41B6-99D7-1A5549EE0DD8}"
EndProject
Project("{2150E333-8FDC-42A3-9474-1A3956D46DE8}") = "Solution Items", "Solution Items", "{77592A8D-9C2E-4E92-992B-CF383F24336B}"
	ProjectSection(SolutionItems) = preProject
		.editorconfig = .editorconfig
	EndProjectSection
EndProject
Global
	GlobalSection(SolutionConfigurationPlatforms) = preSolution
		Debug|Any CPU = Debug|Any CPU
		Release|Any CPU = Release|Any CPU
	EndGlobalSection
	GlobalSection(ProjectConfigurationPlatforms) = postSolution
		{574F4230-FFB4-41B6-99D7-1A5549EE0DD8}.Debug|Any CPU.ActiveCfg = Debug|Any CPU
		{574F4230-FFB4-41B6-99D7-1A5549EE0DD8}.Debug|Any CPU.Build.0 = Debug|Any CPU
		{574F4230-FFB4-41B6-99D7-1A5549EE0DD8}.Release|Any CPU.ActiveCfg = Release|Any CPU
		{574F4230-FFB4-41B6-99D7-1A5549EE0DD8}.Release|Any CPU.Build.0 = Release|Any CPU
	EndGlobalSection
	GlobalSection(SolutionProperties) = preSolution
		HideSolutionNode = FALSE
	EndGlobalSection
	GlobalSection(ExtensibilityGlobals) = postSolution
		SolutionGuid = {3925CA2E-094C-46A4-8D19-7498D30A7650}
	EndGlobalSection
EndGlobal
